
Microsoft Visual Studio Solution File, Format Version 12.00
# Visual Studio 15
VisualStudioVersion = 15.0.28010.2041
MinimumVisualStudioVersion = 10.0.40219.1
Project("{FAE04EC0-301F-11D3-BF4B-00C04F79EFBC}") = "Views", "Views\Views.csproj", "{B6354444-888C-465E-ADA8-41F6AC07538D}"
EndProject
Global
	GlobalSection(SolutionConfigurationPlatforms) = preSolution
		Debug|Any CPU = Debug|Any CPU
		Release|Any CPU = Release|Any CPU
	EndGlobalSection
	GlobalSection(ProjectConfigurationPlatforms) = postSolution
		{B6354444-888C-465E-ADA8-41F6AC07538D}.Debug|Any CPU.ActiveCfg = Debug|Any CPU
		{B6354444-888C-465E-ADA8-41F6AC07538D}.Debug|Any CPU.Build.0 = Debug|Any CPU
		{B6354444-888C-465E-ADA8-41F6AC07538D}.Release|Any CPU.ActiveCfg = Release|Any CPU
		{B6354444-888C-465E-ADA8-41F6AC07538D}.Release|Any CPU.Build.0 = Release|Any CPU
	EndGlobalSection
	GlobalSection(SolutionProperties) = preSolution
		HideSolutionNode = FALSE
	EndGlobalSection
	GlobalSection(ExtensibilityGlobals) = postSolution
		SolutionGuid = {A1068021-1689-43B9-9B3B-4C28D1400A15}
	EndGlobalSection
EndGlobal
