
Microsoft Visual Studio Solution File, Format Version 12.00
# Visual Studio 15
VisualStudioVersion = 15.0.28307.271
MinimumVisualStudioVersion = 10.0.40219.1
Project("{FAE04EC0-301F-11D3-BF4B-00C04F79EFBC}") = "DependencyInjection", "DependencyInjection\DependencyInjection.csproj", "{63051B1A-7AB4-4F3C-B4EF-82008BCF4212}"
EndProject
Project("{FAE04EC0-301F-11D3-BF4B-00C04F79EFBC}") = "DependencyInjection.Tests", "DependencyInjection.Tests\DependencyInjection.Tests.csproj", "{6B3EECAB-BA12-448B-8D7A-D47211500136}"
EndProject
Global
	GlobalSection(SolutionConfigurationPlatforms) = preSolution
		Debug|Any CPU = Debug|Any CPU
		Release|Any CPU = Release|Any CPU
	EndGlobalSection
	GlobalSection(ProjectConfigurationPlatforms) = postSolution
		{63051B1A-7AB4-4F3C-B4EF-82008BCF4212}.Debug|Any CPU.ActiveCfg = Debug|Any CPU
		{63051B1A-7AB4-4F3C-B4EF-82008BCF4212}.Debug|Any CPU.Build.0 = Debug|Any CPU
		{63051B1A-7AB4-4F3C-B4EF-82008BCF4212}.Release|Any CPU.ActiveCfg = Release|Any CPU
		{63051B1A-7AB4-4F3C-B4EF-82008BCF4212}.Release|Any CPU.Build.0 = Release|Any CPU
		{6B3EECAB-BA12-448B-8D7A-D47211500136}.Debug|Any CPU.ActiveCfg = Debug|Any CPU
		{6B3EECAB-BA12-448B-8D7A-D47211500136}.Debug|Any CPU.Build.0 = Debug|Any CPU
		{6B3EECAB-BA12-448B-8D7A-D47211500136}.Release|Any CPU.ActiveCfg = Release|Any CPU
		{6B3EECAB-BA12-448B-8D7A-D47211500136}.Release|Any CPU.Build.0 = Release|Any CPU
	EndGlobalSection
	GlobalSection(SolutionProperties) = preSolution
		HideSolutionNode = FALSE
	EndGlobalSection
	GlobalSection(ExtensibilityGlobals) = postSolution
		SolutionGuid = {58172358-B0D2-4C55-9789-89289430D7CF}
	EndGlobalSection
EndGlobal
